// !$*UTF8*$!
{
	archiveVersion = 1;
	classes = {
	};
	objectVersion = 50;
	objects = {

/* Begin PBXBuildFile section */
		085665FF2460EA3700219446 /* AppDelegate.swift in Sources */ = {isa = PBXBuildFile; fileRef = 085665FE2460EA3700219446 /* AppDelegate.swift */; };
		085666012460EA3700219446 /* SceneDelegate.swift in Sources */ = {isa = PBXBuildFile; fileRef = 085666002460EA3700219446 /* SceneDelegate.swift */; };
		085666032460EA3700219446 /* ViewController.swift in Sources */ = {isa = PBXBuildFile; fileRef = 085666022460EA3700219446 /* ViewController.swift */; };
		085666062460EA3700219446 /* Main.storyboard in Resources */ = {isa = PBXBuildFile; fileRef = 085666042460EA3700219446 /* Main.storyboard */; };
		085666082460EA3900219446 /* Assets.xcassets in Resources */ = {isa = PBXBuildFile; fileRef = 085666072460EA3900219446 /* Assets.xcassets */; };
		0856660B2460EA3900219446 /* LaunchScreen.storyboard in Resources */ = {isa = PBXBuildFile; fileRef = 085666092460EA3900219446 /* LaunchScreen.storyboard */; };
		085666162460EA3A00219446 /* ScassellatiFinalProjectTests.swift in Sources */ = {isa = PBXBuildFile; fileRef = 085666152460EA3A00219446 /* ScassellatiFinalProjectTests.swift */; };
		085666212460EA3A00219446 /* ScassellatiFinalProjectUITests.swift in Sources */ = {isa = PBXBuildFile; fileRef = 085666202460EA3A00219446 /* ScassellatiFinalProjectUITests.swift */; };
/* End PBXBuildFile section */

/* Begin PBXContainerItemProxy section */
		085666122460EA3A00219446 /* PBXContainerItemProxy */ = {
			isa = PBXContainerItemProxy;
			containerPortal = 085665F32460EA3600219446 /* Project object */;
			proxyType = 1;
			remoteGlobalIDString = 085665FA2460EA3700219446;
			remoteInfo = ScassellatiFinalProject;
		};
		0856661D2460EA3A00219446 /* PBXContainerItemProxy */ = {
			isa = PBXContainerItemProxy;
			containerPortal = 085665F32460EA3600219446 /* Project object */;
			proxyType = 1;
			remoteGlobalIDString = 085665FA2460EA3700219446;
			remoteInfo = ScassellatiFinalProject;
		};
/* End PBXContainerItemProxy section */

/* Begin PBXFileReference section */
		085665FB2460EA3700219446 /* ScassellatiFinalProject.app */ = {isa = PBXFileReference; explicitFileType = wrapper.application; includeInIndex = 0; path = ScassellatiFinalProject.app; sourceTree = BUILT_PRODUCTS_DIR; };
		085665FE2460EA3700219446 /* AppDelegate.swift */ = {isa = PBXFileReference; lastKnownFileType = sourcecode.swift; path = AppDelegate.swift; sourceTree = "<group>"; };
		085666002460EA3700219446 /* SceneDelegate.swift */ = {isa = PBXFileReference; lastKnownFileType = sourcecode.swift; path = SceneDelegate.swift; sourceTree = "<group>"; };
		085666022460EA3700219446 /* ViewController.swift */ = {isa = PBXFileReference; lastKnownFileType = sourcecode.swift; path = ViewController.swift; sourceTree = "<group>"; };
		085666052460EA3700219446 /* Base */ = {isa = PBXFileReference; lastKnownFileType = file.storyboard; name = Base; path = Base.lproj/Main.storyboard; sourceTree = "<group>"; };
		085666072460EA3900219446 /* Assets.xcassets */ = {isa = PBXFileReference; lastKnownFileType = folder.assetcatalog; path = Assets.xcassets; sourceTree = "<group>"; };
		0856660A2460EA3900219446 /* Base */ = {isa = PBXFileReference; lastKnownFileType = file.storyboard; name = Base; path = Base.lproj/LaunchScreen.storyboard; sourceTree = "<group>"; };
		0856660C2460EA3900219446 /* Info.plist */ = {isa = PBXFileReference; lastKnownFileType = text.plist.xml; path = Info.plist; sourceTree = "<group>"; };
		085666112460EA3A00219446 /* ScassellatiFinalProjectTests.xctest */ = {isa = PBXFileReference; explicitFileType = wrapper.cfbundle; includeInIndex = 0; path = ScassellatiFinalProjectTests.xctest; sourceTree = BUILT_PRODUCTS_DIR; };
		085666152460EA3A00219446 /* ScassellatiFinalProjectTests.swift */ = {isa = PBXFileReference; lastKnownFileType = sourcecode.swift; path = ScassellatiFinalProjectTests.swift; sourceTree = "<group>"; };
		085666172460EA3A00219446 /* Info.plist */ = {isa = PBXFileReference; lastKnownFileType = text.plist.xml; path = Info.plist; sourceTree = "<group>"; };
		0856661C2460EA3A00219446 /* ScassellatiFinalProjectUITests.xctest */ = {isa = PBXFileReference; explicitFileType = wrapper.cfbundle; includeInIndex = 0; path = ScassellatiFinalProjectUITests.xctest; sourceTree = BUILT_PRODUCTS_DIR; };
		085666202460EA3A00219446 /* ScassellatiFinalProjectUITests.swift */ = {isa = PBXFileReference; lastKnownFileType = sourcecode.swift; path = ScassellatiFinalProjectUITests.swift; sourceTree = "<group>"; };
		085666222460EA3A00219446 /* Info.plist */ = {isa = PBXFileReference; lastKnownFileType = text.plist.xml; path = Info.plist; sourceTree = "<group>"; };
/* End PBXFileReference section */

/* Begin PBXFrameworksBuildPhase section */
		085665F82460EA3700219446 /* Frameworks */ = {
			isa = PBXFrameworksBuildPhase;
			buildActionMask = 2147483647;
			files = (
			);
			runOnlyForDeploymentPostprocessing = 0;
		};
		0856660E2460EA3A00219446 /* Frameworks */ = {
			isa = PBXFrameworksBuildPhase;
			buildActionMask = 2147483647;
			files = (
			);
			runOnlyForDeploymentPostprocessing = 0;
		};
		085666192460EA3A00219446 /* Frameworks */ = {
			isa = PBXFrameworksBuildPhase;
			buildActionMask = 2147483647;
			files = (
			);
			runOnlyForDeploymentPostprocessing = 0;
		};
/* End PBXFrameworksBuildPhase section */

/* Begin PBXGroup section */
		085665F22460EA3600219446 = {
			isa = PBXGroup;
			children = (
				085665FD2460EA3700219446 /* ScassellatiFinalProject */,
				085666142460EA3A00219446 /* ScassellatiFinalProjectTests */,
				0856661F2460EA3A00219446 /* ScassellatiFinalProjectUITests */,
				085665FC2460EA3700219446 /* Products */,
			);
			sourceTree = "<group>";
		};
		085665FC2460EA3700219446 /* Products */ = {
			isa = PBXGroup;
			children = (
				085665FB2460EA3700219446 /* ScassellatiFinalProject.app */,
				085666112460EA3A00219446 /* ScassellatiFinalProjectTests.xctest */,
				0856661C2460EA3A00219446 /* ScassellatiFinalProjectUITests.xctest */,
			);
			name = Products;
			sourceTree = "<group>";
		};
		085665FD2460EA3700219446 /* ScassellatiFinalProject */ = {
			isa = PBXGroup;
			children = (
				085665FE2460EA3700219446 /* AppDelegate.swift */,
				085666002460EA3700219446 /* SceneDelegate.swift */,
				085666022460EA3700219446 /* ViewController.swift */,
				085666042460EA3700219446 /* Main.storyboard */,
				085666072460EA3900219446 /* Assets.xcassets */,
				085666092460EA3900219446 /* LaunchScreen.storyboard */,
				0856660C2460EA3900219446 /* Info.plist */,
			);
			path = ScassellatiFinalProject;
			sourceTree = "<group>";
		};
		085666142460EA3A00219446 /* ScassellatiFinalProjectTests */ = {
			isa = PBXGroup;
			children = (
				085666152460EA3A00219446 /* ScassellatiFinalProjectTests.swift */,
				085666172460EA3A00219446 /* Info.plist */,
			);
			path = ScassellatiFinalProjectTests;
			sourceTree = "<group>";
		};
		0856661F2460EA3A00219446 /* ScassellatiFinalProjectUITests */ = {
			isa = PBXGroup;
			children = (
				085666202460EA3A00219446 /* ScassellatiFinalProjectUITests.swift */,
				085666222460EA3A00219446 /* Info.plist */,
			);
			path = ScassellatiFinalProjectUITests;
			sourceTree = "<group>";
		};
/* End PBXGroup section */

/* Begin PBXNativeTarget section */
		085665FA2460EA3700219446 /* ScassellatiFinalProject */ = {
			isa = PBXNativeTarget;
			buildConfigurationList = 085666252460EA3A00219446 /* Build configuration list for PBXNativeTarget "ScassellatiFinalProject" */;
			buildPhases = (
				085665F72460EA3700219446 /* Sources */,
				085665F82460EA3700219446 /* Frameworks */,
				085665F92460EA3700219446 /* Resources */,
			);
			buildRules = (
			);
			dependencies = (
			);
			name = ScassellatiFinalProject;
			productName = ScassellatiFinalProject;
			productReference = 085665FB2460EA3700219446 /* ScassellatiFinalProject.app */;
			productType = "com.apple.product-type.application";
		};
		085666102460EA3A00219446 /* ScassellatiFinalProjectTests */ = {
			isa = PBXNativeTarget;
			buildConfigurationList = 085666282460EA3A00219446 /* Build configuration list for PBXNativeTarget "ScassellatiFinalProjectTests" */;
			buildPhases = (
				0856660D2460EA3A00219446 /* Sources */,
				0856660E2460EA3A00219446 /* Frameworks */,
				0856660F2460EA3A00219446 /* Resources */,
			);
			buildRules = (
			);
			dependencies = (
				085666132460EA3A00219446 /* PBXTargetDependency */,
			);
			name = ScassellatiFinalProjectTests;
			productName = ScassellatiFinalProjectTests;
			productReference = 085666112460EA3A00219446 /* ScassellatiFinalProjectTests.xctest */;
			productType = "com.apple.product-type.bundle.unit-test";
		};
		0856661B2460EA3A00219446 /* ScassellatiFinalProjectUITests */ = {
			isa = PBXNativeTarget;
			buildConfigurationList = 0856662B2460EA3A00219446 /* Build configuration list for PBXNativeTarget "ScassellatiFinalProjectUITests" */;
			buildPhases = (
				085666182460EA3A00219446 /* Sources */,
				085666192460EA3A00219446 /* Frameworks */,
				0856661A2460EA3A00219446 /* Resources */,
			);
			buildRules = (
			);
			dependencies = (
				0856661E2460EA3A00219446 /* PBXTargetDependency */,
			);
			name = ScassellatiFinalProjectUITests;
			productName = ScassellatiFinalProjectUITests;
			productReference = 0856661C2460EA3A00219446 /* ScassellatiFinalProjectUITests.xctest */;
			productType = "com.apple.product-type.bundle.ui-testing";
		};
/* End PBXNativeTarget section */

/* Begin PBXProject section */
		085665F32460EA3600219446 /* Project object */ = {
			isa = PBXProject;
			attributes = {
				LastSwiftUpdateCheck = 1140;
				LastUpgradeCheck = 1140;
				ORGANIZATIONNAME = "Smecko Geck Productions";
				TargetAttributes = {
					085665FA2460EA3700219446 = {
						CreatedOnToolsVersion = 11.4.1;
					};
					085666102460EA3A00219446 = {
						CreatedOnToolsVersion = 11.4.1;
						TestTargetID = 085665FA2460EA3700219446;
					};
					0856661B2460EA3A00219446 = {
						CreatedOnToolsVersion = 11.4.1;
						TestTargetID = 085665FA2460EA3700219446;
					};
				};
			};
			buildConfigurationList = 085665F62460EA3600219446 /* Build configuration list for PBXProject "ScassellatiFinalProject" */;
			compatibilityVersion = "Xcode 9.3";
			developmentRegion = en;
			hasScannedForEncodings = 0;
			knownRegions = (
				en,
				Base,
			);
			mainGroup = 085665F22460EA3600219446;
			productRefGroup = 085665FC2460EA3700219446 /* Products */;
			projectDirPath = "";
			projectRoot = "";
			targets = (
				085665FA2460EA3700219446 /* ScassellatiFinalProject */,
				085666102460EA3A00219446 /* ScassellatiFinalProjectTests */,
				0856661B2460EA3A00219446 /* ScassellatiFinalProjectUITests */,
			);
		};
/* End PBXProject section */

/* Begin PBXResourcesBuildPhase section */
		085665F92460EA3700219446 /* Resources */ = {
			isa = PBXResourcesBuildPhase;
			buildActionMask = 2147483647;
			files = (
				0856660B2460EA3900219446 /* LaunchScreen.storyboard in Resources */,
				085666082460EA3900219446 /* Assets.xcassets in Resources */,
				085666062460EA3700219446 /* Main.storyboard in Resources */,
			);
			runOnlyForDeploymentPostprocessing = 0;
		};
		0856660F2460EA3A00219446 /* Resources */ = {
			isa = PBXResourcesBuildPhase;
			buildActionMask = 2147483647;
			files = (
			);
			runOnlyForDeploymentPostprocessing = 0;
		};
		0856661A2460EA3A00219446 /* Resources */ = {
			isa = PBXResourcesBuildPhase;
			buildActionMask = 2147483647;
			files = (
			);
			runOnlyForDeploymentPostprocessing = 0;
		};
/* End PBXResourcesBuildPhase section */

/* Begin PBXSourcesBuildPhase section */
		085665F72460EA3700219446 /* Sources */ = {
			isa = PBXSourcesBuildPhase;
			buildActionMask = 2147483647;
			files = (
				085666032460EA3700219446 /* ViewController.swift in Sources */,
				085665FF2460EA3700219446 /* AppDelegate.swift in Sources */,
				085666012460EA3700219446 /* SceneDelegate.swift in Sources */,
			);
			runOnlyForDeploymentPostprocessing = 0;
		};
		0856660D2460EA3A00219446 /* Sources */ = {
			isa = PBXSourcesBuildPhase;
			buildActionMask = 2147483647;
			files = (
				085666162460EA3A00219446 /* ScassellatiFinalProjectTests.swift in Sources */,
			);
			runOnlyForDeploymentPostprocessing = 0;
		};
		085666182460EA3A00219446 /* Sources */ = {
			isa = PBXSourcesBuildPhase;
			buildActionMask = 2147483647;
			files = (
				085666212460EA3A00219446 /* ScassellatiFinalProjectUITests.swift in Sources */,
			);
			runOnlyForDeploymentPostprocessing = 0;
		};
/* End PBXSourcesBuildPhase section */

/* Begin PBXTargetDependency section */
		085666132460EA3A00219446 /* PBXTargetDependency */ = {
			isa = PBXTargetDependency;
			target = 085665FA2460EA3700219446 /* ScassellatiFinalProject */;
			targetProxy = 085666122460EA3A00219446 /* PBXContainerItemProxy */;
		};
		0856661E2460EA3A00219446 /* PBXTargetDependency */ = {
			isa = PBXTargetDependency;
			target = 085665FA2460EA3700219446 /* ScassellatiFinalProject */;
			targetProxy = 0856661D2460EA3A00219446 /* PBXContainerItemProxy */;
		};
/* End PBXTargetDependency section */

/* Begin PBXVariantGroup section */
		085666042460EA3700219446 /* Main.storyboard */ = {
			isa = PBXVariantGroup;
			children = (
				085666052460EA3700219446 /* Base */,
			);
			name = Main.storyboard;
			sourceTree = "<group>";
		};
		085666092460EA3900219446 /* LaunchScreen.storyboard */ = {
			isa = PBXVariantGroup;
			children = (
				0856660A2460EA3900219446 /* Base */,
			);
			name = LaunchScreen.storyboard;
			sourceTree = "<group>";
		};
/* End PBXVariantGroup section */

/* Begin XCBuildConfiguration section */
		085666232460EA3A00219446 /* Debug */ = {
			isa = XCBuildConfiguration;
			buildSettings = {
				ALWAYS_SEARCH_USER_PATHS = NO;
				CLANG_ANALYZER_NONNULL = YES;
				CLANG_ANALYZER_NUMBER_OBJECT_CONVERSION = YES_AGGRESSIVE;
				CLANG_CXX_LANGUAGE_STANDARD = "gnu++14";
				CLANG_CXX_LIBRARY = "libc++";
				CLANG_ENABLE_MODULES = YES;
				CLANG_ENABLE_OBJC_ARC = YES;
				CLANG_ENABLE_OBJC_WEAK = YES;
				CLANG_WARN_BLOCK_CAPTURE_AUTORELEASING = YES;
				CLANG_WARN_BOOL_CONVERSION = YES;
				CLANG_WARN_COMMA = YES;
				CLANG_WARN_CONSTANT_CONVERSION = YES;
				CLANG_WARN_DEPRECATED_OBJC_IMPLEMENTATIONS = YES;
				CLANG_WARN_DIRECT_OBJC_ISA_USAGE = YES_ERROR;
				CLANG_WARN_DOCUMENTATION_COMMENTS = YES;
				CLANG_WARN_EMPTY_BODY = YES;
				CLANG_WARN_ENUM_CONVERSION = YES;
				CLANG_WARN_INFINITE_RECURSION = YES;
				CLANG_WARN_INT_CONVERSION = YES;
				CLANG_WARN_NON_LITERAL_NULL_CONVERSION = YES;
				CLANG_WARN_OBJC_IMPLICIT_RETAIN_SELF = YES;
				CLANG_WARN_OBJC_LITERAL_CONVERSION = YES;
				CLANG_WARN_OBJC_ROOT_CLASS = YES_ERROR;
				CLANG_WARN_RANGE_LOOP_ANALYSIS = YES;
				CLANG_WARN_STRICT_PROTOTYPES = YES;
				CLANG_WARN_SUSPICIOUS_MOVE = YES;
				CLANG_WARN_UNGUARDED_AVAILABILITY = YES_AGGRESSIVE;
				CLANG_WARN_UNREACHABLE_CODE = YES;
				CLANG_WARN__DUPLICATE_METHOD_MATCH = YES;
				COPY_PHASE_STRIP = NO;
				DEBUG_INFORMATION_FORMAT = dwarf;
				ENABLE_STRICT_OBJC_MSGSEND = YES;
				ENABLE_TESTABILITY = YES;
				GCC_C_LANGUAGE_STANDARD = gnu11;
				GCC_DYNAMIC_NO_PIC = NO;
				GCC_NO_COMMON_BLOCKS = YES;
				GCC_OPTIMIZATION_LEVEL = 0;
				GCC_PREPROCESSOR_DEFINITIONS = (
					"DEBUG=1",
					"$(inherited)",
				);
				GCC_WARN_64_TO_32_BIT_CONVERSION = YES;
				GCC_WARN_ABOUT_RETURN_TYPE = YES_ERROR;
				GCC_WARN_UNDECLARED_SELECTOR = YES;
				GCC_WARN_UNINITIALIZED_AUTOS = YES_AGGRESSIVE;
				GCC_WARN_UNUSED_FUNCTION = YES;
				GCC_WARN_UNUSED_VARIABLE = YES;
				IPHONEOS_DEPLOYMENT_TARGET = 13.4;
				MTL_ENABLE_DEBUG_INFO = INCLUDE_SOURCE;
				MTL_FAST_MATH = YES;
				ONLY_ACTIVE_ARCH = YES;
				SDKROOT = iphoneos;
				SWIFT_ACTIVE_COMPILATION_CONDITIONS = DEBUG;
				SWIFT_OPTIMIZATION_LEVEL = "-Onone";
			};
			name = Debug;
		};
		085666242460EA3A00219446 /* Release */ = {
			isa = XCBuildConfiguration;
			buildSettings = {
				ALWAYS_SEARCH_USER_PATHS = NO;
				CLANG_ANALYZER_NONNULL = YES;
				CLANG_ANALYZER_NUMBER_OBJECT_CONVERSION = YES_AGGRESSIVE;
				CLANG_CXX_LANGUAGE_STANDARD = "gnu++14";
				CLANG_CXX_LIBRARY = "libc++";
				CLANG_ENABLE_MODULES = YES;
				CLANG_ENABLE_OBJC_ARC = YES;
				CLANG_ENABLE_OBJC_WEAK = YES;
				CLANG_WARN_BLOCK_CAPTURE_AUTORELEASING = YES;
				CLANG_WARN_BOOL_CONVERSION = YES;
				CLANG_WARN_COMMA = YES;
				CLANG_WARN_CONSTANT_CONVERSION = YES;
				CLANG_WARN_DEPRECATED_OBJC_IMPLEMENTATIONS = YES;
				CLANG_WARN_DIRECT_OBJC_ISA_USAGE = YES_ERROR;
				CLANG_WARN_DOCUMENTATION_COMMENTS = YES;
				CLANG_WARN_EMPTY_BODY = YES;
				CLANG_WARN_ENUM_CONVERSION = YES;
				CLANG_WARN_INFINITE_RECURSION = YES;
				CLANG_WARN_INT_CONVERSION = YES;
				CLANG_WARN_NON_LITERAL_NULL_CONVERSION = YES;
				CLANG_WARN_OBJC_IMPLICIT_RETAIN_SELF = YES;
				CLANG_WARN_OBJC_LITERAL_CONVERSION = YES;
				CLANG_WARN_OBJC_ROOT_CLASS = YES_ERROR;
				CLANG_WARN_RANGE_LOOP_ANALYSIS = YES;
				CLANG_WARN_STRICT_PROTOTYPES = YES;
				CLANG_WARN_SUSPICIOUS_MOVE = YES;
				CLANG_WARN_UNGUARDED_AVAILABILITY = YES_AGGRESSIVE;
				CLANG_WARN_UNREACHABLE_CODE = YES;
				CLANG_WARN__DUPLICATE_METHOD_MATCH = YES;
				COPY_PHASE_STRIP = NO;
				DEBUG_INFORMATION_FORMAT = "dwarf-with-dsym";
				ENABLE_NS_ASSERTIONS = NO;
				ENABLE_STRICT_OBJC_MSGSEND = YES;
				GCC_C_LANGUAGE_STANDARD = gnu11;
				GCC_NO_COMMON_BLOCKS = YES;
				GCC_WARN_64_TO_32_BIT_CONVERSION = YES;
				GCC_WARN_ABOUT_RETURN_TYPE = YES_ERROR;
				GCC_WARN_UNDECLARED_SELECTOR = YES;
				GCC_WARN_UNINITIALIZED_AUTOS = YES_AGGRESSIVE;
				GCC_WARN_UNUSED_FUNCTION = YES;
				GCC_WARN_UNUSED_VARIABLE = YES;
				IPHONEOS_DEPLOYMENT_TARGET = 13.4;
				MTL_ENABLE_DEBUG_INFO = NO;
				MTL_FAST_MATH = YES;
				SDKROOT = iphoneos;
				SWIFT_COMPILATION_MODE = wholemodule;
				SWIFT_OPTIMIZATION_LEVEL = "-O";
				VALIDATE_PRODUCT = YES;
			};
			name = Release;
		};
		085666262460EA3A00219446 /* Debug */ = {
			isa = XCBuildConfiguration;
			buildSettings = {
				ASSETCATALOG_COMPILER_APPICON_NAME = AppIcon;
				CODE_SIGN_STYLE = Automatic;
				DEVELOPMENT_TEAM = 3M9S57SGDX;
				INFOPLIST_FILE = ScassellatiFinalProject/Info.plist;
				LD_RUNPATH_SEARCH_PATHS = (
					"$(inherited)",
					"@executable_path/Frameworks",
				);
				PRODUCT_BUNDLE_IDENTIFIER = SmeckoGeckProductions.ScassellatiFinalProject;
				PRODUCT_NAME = "$(TARGET_NAME)";
				SWIFT_VERSION = 5.0;
				TARGETED_DEVICE_FAMILY = "1,2";
			};
			name = Debug;
		};
		085666272460EA3A00219446 /* Release */ = {
			isa = XCBuildConfiguration;
			buildSettings = {
				ASSETCATALOG_COMPILER_APPICON_NAME = AppIcon;
				CODE_SIGN_STYLE = Automatic;
				DEVELOPMENT_TEAM = 3M9S57SGDX;
				INFOPLIST_FILE = ScassellatiFinalProject/Info.plist;
				LD_RUNPATH_SEARCH_PATHS = (
					"$(inherited)",
					"@executable_path/Frameworks",
				);
				PRODUCT_BUNDLE_IDENTIFIER = SmeckoGeckProductions.ScassellatiFinalProject;
				PRODUCT_NAME = "$(TARGET_NAME)";
				SWIFT_VERSION = 5.0;
				TARGETED_DEVICE_FAMILY = "1,2";
			};
			name = Release;
		};
		085666292460EA3A00219446 /* Debug */ = {
			isa = XCBuildConfiguration;
			buildSettings = {
				ALWAYS_EMBED_SWIFT_STANDARD_LIBRARIES = YES;
				BUNDLE_LOADER = "$(TEST_HOST)";
				CODE_SIGN_STYLE = Automatic;
				DEVELOPMENT_TEAM = 3M9S57SGDX;
				INFOPLIST_FILE = ScassellatiFinalProjectTests/Info.plist;
				IPHONEOS_DEPLOYMENT_TARGET = 13.4;
				LD_RUNPATH_SEARCH_PATHS = (
					"$(inherited)",
					"@executable_path/Frameworks",
					"@loader_path/Frameworks",
				);
				PRODUCT_BUNDLE_IDENTIFIER = SmeckoGeckProductions.ScassellatiFinalProjectTests;
				PRODUCT_NAME = "$(TARGET_NAME)";
				SWIFT_VERSION = 5.0;
				TARGETED_DEVICE_FAMILY = "1,2";
				TEST_HOST = "$(BUILT_PRODUCTS_DIR)/ScassellatiFinalProject.app/ScassellatiFinalProject";
			};
			name = Debug;
		};
		0856662A2460EA3A00219446 /* Release */ = {
			isa = XCBuildConfiguration;
			buildSettings = {
				ALWAYS_EMBED_SWIFT_STANDARD_LIBRARIES = YES;
				BUNDLE_LOADER = "$(TEST_HOST)";
				CODE_SIGN_STYLE = Automatic;
				DEVELOPMENT_TEAM = 3M9S57SGDX;
				INFOPLIST_FILE = ScassellatiFinalProjectTests/Info.plist;
				IPHONEOS_DEPLOYMENT_TARGET = 13.4;
				LD_RUNPATH_SEARCH_PATHS = (
					"$(inherited)",
					"@executable_path/Frameworks",
					"@loader_path/Frameworks",
				);
				PRODUCT_BUNDLE_IDENTIFIER = SmeckoGeckProductions.ScassellatiFinalProjectTests;
				PRODUCT_NAME = "$(TARGET_NAME)";
				SWIFT_VERSION = 5.0;
				TARGETED_DEVICE_FAMILY = "1,2";
				TEST_HOST = "$(BUILT_PRODUCTS_DIR)/ScassellatiFinalProject.app/ScassellatiFinalProject";
			};
			name = Release;
		};
		0856662C2460EA3A00219446 /* Debug */ = {
			isa = XCBuildConfiguration;
			buildSettings = {
				ALWAYS_EMBED_SWIFT_STANDARD_LIBRARIES = YES;
				CODE_SIGN_STYLE = Automatic;
				DEVELOPMENT_TEAM = 3M9S57SGDX;
				INFOPLIST_FILE = ScassellatiFinalProjectUITests/Info.plist;
				LD_RUNPATH_SEARCH_PATHS = (
					"$(inherited)",
					"@executable_path/Frameworks",
					"@loader_path/Frameworks",
				);
				PRODUCT_BUNDLE_IDENTIFIER = SmeckoGeckProductions.ScassellatiFinalProjectUITests;
				PRODUCT_NAME = "$(TARGET_NAME)";
				SWIFT_VERSION = 5.0;
				TARGETED_DEVICE_FAMILY = "1,2";
				TEST_TARGET_NAME = ScassellatiFinalProject;
			};
			name = Debug;
		};
		0856662D2460EA3A00219446 /* Release */ = {
			isa = XCBuildConfiguration;
			buildSettings = {
				ALWAYS_EMBED_SWIFT_STANDARD_LIBRARIES = YES;
				CODE_SIGN_STYLE = Automatic;
				DEVELOPMENT_TEAM = 3M9S57SGDX;
				INFOPLIST_FILE = ScassellatiFinalProjectUITests/Info.plist;
				LD_RUNPATH_SEARCH_PATHS = (
					"$(inherited)",
					"@executable_path/Frameworks",
					"@loader_path/Frameworks",
				);
				PRODUCT_BUNDLE_IDENTIFIER = SmeckoGeckProductions.ScassellatiFinalProjectUITests;
				PRODUCT_NAME = "$(TARGET_NAME)";
				SWIFT_VERSION = 5.0;
				TARGETED_DEVICE_FAMILY = "1,2";
				TEST_TARGET_NAME = ScassellatiFinalProject;
			};
			name = Release;
		};
/* End XCBuildConfiguration section */

/* Begin XCConfigurationList section */
		085665F62460EA3600219446 /* Build configuration list for PBXProject "ScassellatiFinalProject" */ = {
			isa = XCConfigurationList;
			buildConfigurations = (
				085666232460EA3A00219446 /* Debug */,
				085666242460EA3A00219446 /* Release */,
			);
			defaultConfigurationIsVisible = 0;
			defaultConfigurationName = Release;
		};
		085666252460EA3A00219446 /* Build configuration list for PBXNativeTarget "ScassellatiFinalProject" */ = {
			isa = XCConfigurationList;
			buildConfigurations = (
				085666262460EA3A00219446 /* Debug */,
				085666272460EA3A00219446 /* Release */,
			);
			defaultConfigurationIsVisible = 0;
			defaultConfigurationName = Release;
		};
		085666282460EA3A00219446 /* Build configuration list for PBXNativeTarget "ScassellatiFinalProjectTests" */ = {
			isa = XCConfigurationList;
			buildConfigurations = (
				085666292460EA3A00219446 /* Debug */,
				0856662A2460EA3A00219446 /* Release */,
			);
			defaultConfigurationIsVisible = 0;
			defaultConfigurationName = Release;
		};
		0856662B2460EA3A00219446 /* Build configuration list for PBXNativeTarget "ScassellatiFinalProjectUITests" */ = {
			isa = XCConfigurationList;
			buildConfigurations = (
				0856662C2460EA3A00219446 /* Debug */,
				0856662D2460EA3A00219446 /* Release */,
			);
			defaultConfigurationIsVisible = 0;
			defaultConfigurationName = Release;
		};
/* End XCConfigurationList section */
	};
	rootObject = 085665F32460EA3600219446 /* Project object */;
}
